// !$*UTF8*$!
{
	archiveVersion = 1;
	classes = {
	};
	objectVersion = 50;
	objects = {

/* Begin PBXBuildFile section */
		033E95962488DD3900C20F1F /* AppDelegate.swift in Sources */ = {isa = PBXBuildFile; fileRef = 033E95952488DD3900C20F1F /* AppDelegate.swift */; };
		033E95982488DD3900C20F1F /* SceneDelegate.swift in Sources */ = {isa = PBXBuildFile; fileRef = 033E95972488DD3900C20F1F /* SceneDelegate.swift */; };
		033E959A2488DD3900C20F1F /* ContentView.swift in Sources */ = {isa = PBXBuildFile; fileRef = 033E95992488DD3900C20F1F /* ContentView.swift */; };
		033E959C2488DD3C00C20F1F /* Assets.xcassets in Resources */ = {isa = PBXBuildFile; fileRef = 033E959B2488DD3C00C20F1F /* Assets.xcassets */; };
		033E959F2488DD3C00C20F1F /* Preview Assets.xcassets in Resources */ = {isa = PBXBuildFile; fileRef = 033E959E2488DD3C00C20F1F /* Preview Assets.xcassets */; };
		033E95A22488DD3C00C20F1F /* LaunchScreen.storyboard in Resources */ = {isa = PBXBuildFile; fileRef = 033E95A02488DD3C00C20F1F /* LaunchScreen.storyboard */; };
		033E95AC24899A4A00C20F1F /* DataLoader.swift in Sources */ = {isa = PBXBuildFile; fileRef = 033E95AB24899A4A00C20F1F /* DataLoader.swift */; };
		033E95B024899AF400C20F1F /* UrhoboDictionay.json in Resources */ = {isa = PBXBuildFile; fileRef = 033E95AF24899AF400C20F1F /* UrhoboDictionay.json */; };
		033E95B2248AEEBC00C20F1F /* UrhoboView.swift in Sources */ = {isa = PBXBuildFile; fileRef = 033E95B1248AEEBC00C20F1F /* UrhoboView.swift */; };
/* End PBXBuildFile section */

/* Begin PBXFileReference section */
		033E95922488DD3900C20F1F /* Urhobo Translate.app */ = {isa = PBXFileReference; explicitFileType = wrapper.application; includeInIndex = 0; path = "Urhobo Translate.app"; sourceTree = BUILT_PRODUCTS_DIR; };
		033E95952488DD3900C20F1F /* AppDelegate.swift */ = {isa = PBXFileReference; lastKnownFileType = sourcecode.swift; path = AppDelegate.swift; sourceTree = "<group>"; };
		033E95972488DD3900C20F1F /* SceneDelegate.swift */ = {isa = PBXFileReference; lastKnownFileType = sourcecode.swift; path = SceneDelegate.swift; sourceTree = "<group>"; };
		033E95992488DD3900C20F1F /* ContentView.swift */ = {isa = PBXFileReference; lastKnownFileType = sourcecode.swift; path = ContentView.swift; sourceTree = "<group>"; };
		033E959B2488DD3C00C20F1F /* Assets.xcassets */ = {isa = PBXFileReference; lastKnownFileType = folder.assetcatalog; path = Assets.xcassets; sourceTree = "<group>"; };
		033E959E2488DD3C00C20F1F /* Preview Assets.xcassets */ = {isa = PBXFileReference; lastKnownFileType = folder.assetcatalog; path = "Preview Assets.xcassets"; sourceTree = "<group>"; };
		033E95A12488DD3C00C20F1F /* Base */ = {isa = PBXFileReference; lastKnownFileType = file.storyboard; name = Base; path = Base.lproj/LaunchScreen.storyboard; sourceTree = "<group>"; };
		033E95A32488DD3C00C20F1F /* Info.plist */ = {isa = PBXFileReference; lastKnownFileType = text.plist.xml; path = Info.plist; sourceTree = "<group>"; };
		033E95AB24899A4A00C20F1F /* DataLoader.swift */ = {isa = PBXFileReference; lastKnownFileType = sourcecode.swift; path = DataLoader.swift; sourceTree = "<group>"; };
		033E95AF24899AF400C20F1F /* UrhoboDictionay.json */ = {isa = PBXFileReference; lastKnownFileType = text.json; path = UrhoboDictionay.json; sourceTree = "<group>"; };
		033E95B1248AEEBC00C20F1F /* UrhoboView.swift */ = {isa = PBXFileReference; lastKnownFileType = sourcecode.swift; path = UrhoboView.swift; sourceTree = "<group>"; };
/* End PBXFileReference section */

/* Begin PBXFrameworksBuildPhase section */
		033E958F2488DD3900C20F1F /* Frameworks */ = {
			isa = PBXFrameworksBuildPhase;
			buildActionMask = 2147483647;
			files = (
			);
			runOnlyForDeploymentPostprocessing = 0;
		};
/* End PBXFrameworksBuildPhase section */

/* Begin PBXGroup section */
		033E95892488DD3900C20F1F = {
			isa = PBXGroup;
			children = (
				033E95942488DD3900C20F1F /* Urhobo Translate */,
				033E95932488DD3900C20F1F /* Products */,
			);
			sourceTree = "<group>";
		};
		033E95932488DD3900C20F1F /* Products */ = {
			isa = PBXGroup;
			children = (
				033E95922488DD3900C20F1F /* Urhobo Translate.app */,
			);
			name = Products;
			sourceTree = "<group>";
		};
		033E95942488DD3900C20F1F /* Urhobo Translate */ = {
			isa = PBXGroup;
			children = (
				033E95AF24899AF400C20F1F /* UrhoboDictionay.json */,
				033E95AA24899A2E00C20F1F /* Views */,
				033E95A924899A1F00C20F1F /* Models */,
				033E95952488DD3900C20F1F /* AppDelegate.swift */,
				033E95972488DD3900C20F1F /* SceneDelegate.swift */,
				033E95992488DD3900C20F1F /* ContentView.swift */,
				033E959B2488DD3C00C20F1F /* Assets.xcassets */,
				033E95A02488DD3C00C20F1F /* LaunchScreen.storyboard */,
				033E95A32488DD3C00C20F1F /* Info.plist */,
				033E959D2488DD3C00C20F1F /* Preview Content */,
			);
			path = "Urhobo Translate";
			sourceTree = "<group>";
		};
		033E959D2488DD3C00C20F1F /* Preview Content */ = {
			isa = PBXGroup;
			children = (
				033E959E2488DD3C00C20F1F /* Preview Assets.xcassets */,
			);
			path = "Preview Content";
			sourceTree = "<group>";
		};
		033E95A924899A1F00C20F1F /* Models */ = {
			isa = PBXGroup;
			children = (
			);
			path = Models;
			sourceTree = "<group>";
		};
		033E95AA24899A2E00C20F1F /* Views */ = {
			isa = PBXGroup;
			children = (
				033E95AB24899A4A00C20F1F /* DataLoader.swift */,
				033E95B1248AEEBC00C20F1F /* UrhoboView.swift */,
			);
			path = Views;
			sourceTree = "<group>";
		};
/* End PBXGroup section */

/* Begin PBXNativeTarget section */
		033E95912488DD3900C20F1F /* Urhobo Translate */ = {
			isa = PBXNativeTarget;
			buildConfigurationList = 033E95A62488DD3C00C20F1F /* Build configuration list for PBXNativeTarget "Urhobo Translate" */;
			buildPhases = (
				033E958E2488DD3900C20F1F /* Sources */,
				033E958F2488DD3900C20F1F /* Frameworks */,
				033E95902488DD3900C20F1F /* Resources */,
			);
			buildRules = (
			);
			dependencies = (
			);
			name = "Urhobo Translate";
			productName = "Urhobo Translate";
			productReference = 033E95922488DD3900C20F1F /* Urhobo Translate.app */;
			productType = "com.apple.product-type.application";
		};
/* End PBXNativeTarget section */

/* Begin PBXProject section */
		033E958A2488DD3900C20F1F /* Project object */ = {
			isa = PBXProject;
			attributes = {
				LastSwiftUpdateCheck = 1150;
				LastUpgradeCheck = 1150;
				ORGANIZATIONNAME = "Ufuoma Okoro";
				TargetAttributes = {
					033E95912488DD3900C20F1F = {
						CreatedOnToolsVersion = 11.5;
					};
				};
			};
			buildConfigurationList = 033E958D2488DD3900C20F1F /* Build configuration list for PBXProject "Urhobo Translate" */;
			compatibilityVersion = "Xcode 9.3";
			developmentRegion = en;
			hasScannedForEncodings = 0;
			knownRegions = (
				en,
				Base,
			);
			mainGroup = 033E95892488DD3900C20F1F;
			productRefGroup = 033E95932488DD3900C20F1F /* Products */;
			projectDirPath = "";
			projectRoot = "";
			targets = (
				033E95912488DD3900C20F1F /* Urhobo Translate */,
			);
		};
/* End PBXProject section */

/* Begin PBXResourcesBuildPhase section */
		033E95902488DD3900C20F1F /* Resources */ = {
			isa = PBXResourcesBuildPhase;
			buildActionMask = 2147483647;
			files = (
				033E95A22488DD3C00C20F1F /* LaunchScreen.storyboard in Resources */,
				033E959F2488DD3C00C20F1F /* Preview Assets.xcassets in Resources */,
				033E959C2488DD3C00C20F1F /* Assets.xcassets in Resources */,
				033E95B024899AF400C20F1F /* UrhoboDictionay.json in Resources */,
			);
			runOnlyForDeploymentPostprocessing = 0;
		};
/* End PBXResourcesBuildPhase section */

/* Begin PBXSourcesBuildPhase section */
		033E958E2488DD3900C20F1F /* Sources */ = {
			isa = PBXSourcesBuildPhase;
			buildActionMask = 2147483647;
			files = (
				033E95AC24899A4A00C20F1F /* DataLoader.swift in Sources */,
				033E95962488DD3900C20F1F /* AppDelegate.swift in Sources */,
				033E95982488DD3900C20F1F /* SceneDelegate.swift in Sources */,
				033E959A2488DD3900C20F1F /* ContentView.swift in Sources */,
				033E95B2248AEEBC00C20F1F /* UrhoboView.swift in Sources */,
			);
			runOnlyForDeploymentPostprocessing = 0;
		};
/* End PBXSourcesBuildPhase section */

/* Begin PBXVariantGroup section */
		033E95A02488DD3C00C20F1F /* LaunchScreen.storyboard */ = {
			isa = PBXVariantGroup;
			children = (
				033E95A12488DD3C00C20F1F /* Base */,
			);
			name = LaunchScreen.storyboard;
			sourceTree = "<group>";
		};
/* End PBXVariantGroup section */

/* Begin XCBuildConfiguration section */
		033E95A42488DD3C00C20F1F /* Debug */ = {
			isa = XCBuildConfiguration;
			buildSettings = {
				ALWAYS_SEARCH_USER_PATHS = NO;
				CLANG_ANALYZER_NONNULL = YES;
				CLANG_ANALYZER_NUMBER_OBJECT_CONVERSION = YES_AGGRESSIVE;
				CLANG_CXX_LANGUAGE_STANDARD = "gnu++14";
				CLANG_CXX_LIBRARY = "libc++";
				CLANG_ENABLE_MODULES = YES;
				CLANG_ENABLE_OBJC_ARC = YES;
				CLANG_ENABLE_OBJC_WEAK = YES;
				CLANG_WARN_BLOCK_CAPTURE_AUTORELEASING = YES;
				CLANG_WARN_BOOL_CONVERSION = YES;
				CLANG_WARN_COMMA = YES;
				CLANG_WARN_CONSTANT_CONVERSION = YES;
				CLANG_WARN_DEPRECATED_OBJC_IMPLEMENTATIONS = YES;
				CLANG_WARN_DIRECT_OBJC_ISA_USAGE = YES_ERROR;
				CLANG_WARN_DOCUMENTATION_COMMENTS = YES;
				CLANG_WARN_EMPTY_BODY = YES;
				CLANG_WARN_ENUM_CONVERSION = YES;
				CLANG_WARN_INFINITE_RECURSION = YES;
				CLANG_WARN_INT_CONVERSION = YES;
				CLANG_WARN_NON_LITERAL_NULL_CONVERSION = YES;
				CLANG_WARN_OBJC_IMPLICIT_RETAIN_SELF = YES;
				CLANG_WARN_OBJC_LITERAL_CONVERSION = YES;
				CLANG_WARN_OBJC_ROOT_CLASS = YES_ERROR;
				CLANG_WARN_RANGE_LOOP_ANALYSIS = YES;
				CLANG_WARN_STRICT_PROTOTYPES = YES;
				CLANG_WARN_SUSPICIOUS_MOVE = YES;
				CLANG_WARN_UNGUARDED_AVAILABILITY = YES_AGGRESSIVE;
				CLANG_WARN_UNREACHABLE_CODE = YES;
				CLANG_WARN__DUPLICATE_METHOD_MATCH = YES;
				COPY_PHASE_STRIP = NO;
				DEBUG_INFORMATION_FORMAT = dwarf;
				ENABLE_STRICT_OBJC_MSGSEND = YES;
				ENABLE_TESTABILITY = YES;
				GCC_C_LANGUAGE_STANDARD = gnu11;
				GCC_DYNAMIC_NO_PIC = NO;
				GCC_NO_COMMON_BLOCKS = YES;
				GCC_OPTIMIZATION_LEVEL = 0;
				GCC_PREPROCESSOR_DEFINITIONS = (
					"DEBUG=1",
					"$(inherited)",
				);
				GCC_WARN_64_TO_32_BIT_CONVERSION = YES;
				GCC_WARN_ABOUT_RETURN_TYPE = YES_ERROR;
				GCC_WARN_UNDECLARED_SELECTOR = YES;
				GCC_WARN_UNINITIALIZED_AUTOS = YES_AGGRESSIVE;
				GCC_WARN_UNUSED_FUNCTION = YES;
				GCC_WARN_UNUSED_VARIABLE = YES;
				IPHONEOS_DEPLOYMENT_TARGET = 13.5;
				MTL_ENABLE_DEBUG_INFO = INCLUDE_SOURCE;
				MTL_FAST_MATH = YES;
				ONLY_ACTIVE_ARCH = YES;
				SDKROOT = iphoneos;
				SWIFT_ACTIVE_COMPILATION_CONDITIONS = DEBUG;
				SWIFT_OPTIMIZATION_LEVEL = "-Onone";
			};
			name = Debug;
		};
		033E95A52488DD3C00C20F1F /* Release */ = {
			isa = XCBuildConfiguration;
			buildSettings = {
				ALWAYS_SEARCH_USER_PATHS = NO;
				CLANG_ANALYZER_NONNULL = YES;
				CLANG_ANALYZER_NUMBER_OBJECT_CONVERSION = YES_AGGRESSIVE;
				CLANG_CXX_LANGUAGE_STANDARD = "gnu++14";
				CLANG_CXX_LIBRARY = "libc++";
				CLANG_ENABLE_MODULES = YES;
				CLANG_ENABLE_OBJC_ARC = YES;
				CLANG_ENABLE_OBJC_WEAK = YES;
				CLANG_WARN_BLOCK_CAPTURE_AUTORELEASING = YES;
				CLANG_WARN_BOOL_CONVERSION = YES;
				CLANG_WARN_COMMA = YES;
				CLANG_WARN_CONSTANT_CONVERSION = YES;
				CLANG_WARN_DEPRECATED_OBJC_IMPLEMENTATIONS = YES;
				CLANG_WARN_DIRECT_OBJC_ISA_USAGE = YES_ERROR;
				CLANG_WARN_DOCUMENTATION_COMMENTS = YES;
				CLANG_WARN_EMPTY_BODY = YES;
				CLANG_WARN_ENUM_CONVERSION = YES;
				CLANG_WARN_INFINITE_RECURSION = YES;
				CLANG_WARN_INT_CONVERSION = YES;
				CLANG_WARN_NON_LITERAL_NULL_CONVERSION = YES;
				CLANG_WARN_OBJC_IMPLICIT_RETAIN_SELF = YES;
				CLANG_WARN_OBJC_LITERAL_CONVERSION = YES;
				CLANG_WARN_OBJC_ROOT_CLASS = YES_ERROR;
				CLANG_WARN_RANGE_LOOP_ANALYSIS = YES;
				CLANG_WARN_STRICT_PROTOTYPES = YES;
				CLANG_WARN_SUSPICIOUS_MOVE = YES;
				CLANG_WARN_UNGUARDED_AVAILABILITY = YES_AGGRESSIVE;
				CLANG_WARN_UNREACHABLE_CODE = YES;
				CLANG_WARN__DUPLICATE_METHOD_MATCH = YES;
				COPY_PHASE_STRIP = NO;
				DEBUG_INFORMATION_FORMAT = "dwarf-with-dsym";
				ENABLE_NS_ASSERTIONS = NO;
				ENABLE_STRICT_OBJC_MSGSEND = YES;
				GCC_C_LANGUAGE_STANDARD = gnu11;
				GCC_NO_COMMON_BLOCKS = YES;
				GCC_WARN_64_TO_32_BIT_CONVERSION = YES;
				GCC_WARN_ABOUT_RETURN_TYPE = YES_ERROR;
				GCC_WARN_UNDECLARED_SELECTOR = YES;
				GCC_WARN_UNINITIALIZED_AUTOS = YES_AGGRESSIVE;
				GCC_WARN_UNUSED_FUNCTION = YES;
				GCC_WARN_UNUSED_VARIABLE = YES;
				IPHONEOS_DEPLOYMENT_TARGET = 13.5;
				MTL_ENABLE_DEBUG_INFO = NO;
				MTL_FAST_MATH = YES;
				SDKROOT = iphoneos;
				SWIFT_COMPILATION_MODE = wholemodule;
				SWIFT_OPTIMIZATION_LEVEL = "-O";
				VALIDATE_PRODUCT = YES;
			};
			name = Release;
		};
		033E95A72488DD3C00C20F1F /* Debug */ = {
			isa = XCBuildConfiguration;
			buildSettings = {
				ASSETCATALOG_COMPILER_APPICON_NAME = AppIcon;
				CODE_SIGN_STYLE = Automatic;
				DEVELOPMENT_ASSET_PATHS = "\"Urhobo Translate/Preview Content\"";
				DEVELOPMENT_TEAM = FUA8MUZTUH;
				ENABLE_PREVIEWS = YES;
				INFOPLIST_FILE = "Urhobo Translate/Info.plist";
				LD_RUNPATH_SEARCH_PATHS = (
					"$(inherited)",
					"@executable_path/Frameworks",
				);
				PRODUCT_BUNDLE_IDENTIFIER = "ufookoro-me.com.Urhobo-Translate";
				PRODUCT_NAME = "$(TARGET_NAME)";
				SWIFT_VERSION = 5.0;
				TARGETED_DEVICE_FAMILY = "1,2";
			};
			name = Debug;
		};
		033E95A82488DD3C00C20F1F /* Release */ = {
			isa = XCBuildConfiguration;
			buildSettings = {
				ASSETCATALOG_COMPILER_APPICON_NAME = AppIcon;
				CODE_SIGN_STYLE = Automatic;
				DEVELOPMENT_ASSET_PATHS = "\"Urhobo Translate/Preview Content\"";
				DEVELOPMENT_TEAM = FUA8MUZTUH;
				ENABLE_PREVIEWS = YES;
				INFOPLIST_FILE = "Urhobo Translate/Info.plist";
				LD_RUNPATH_SEARCH_PATHS = (
					"$(inherited)",
					"@executable_path/Frameworks",
				);
				PRODUCT_BUNDLE_IDENTIFIER = "ufookoro-me.com.Urhobo-Translate";
				PRODUCT_NAME = "$(TARGET_NAME)";
				SWIFT_VERSION = 5.0;
				TARGETED_DEVICE_FAMILY = "1,2";
			};
			name = Release;
		};
/* End XCBuildConfiguration section */

/* Begin XCConfigurationList section */
		033E958D2488DD3900C20F1F /* Build configuration list for PBXProject "Urhobo Translate" */ = {
			isa = XCConfigurationList;
			buildConfigurations = (
				033E95A42488DD3C00C20F1F /* Debug */,
				033E95A52488DD3C00C20F1F /* Release */,
			);
			defaultConfigurationIsVisible = 0;
			defaultConfigurationName = Release;
		};
		033E95A62488DD3C00C20F1F /* Build configuration list for PBXNativeTarget "Urhobo Translate" */ = {
			isa = XCConfigurationList;
			buildConfigurations = (
				033E95A72488DD3C00C20F1F /* Debug */,
				033E95A82488DD3C00C20F1F /* Release */,
			);
			defaultConfigurationIsVisible = 0;
			defaultConfigurationName = Release;
		};
/* End XCConfigurationList section */
	};
	rootObject = 033E958A2488DD3900C20F1F /* Project object */;
}
